
Microsoft Visual Studio Solution File, Format Version 12.00
# Visual Studio 15
VisualStudioVersion = 15.0.28307.421
MinimumVisualStudioVersion = 10.0.40219.1
Project("{FAE04EC0-301F-11D3-BF4B-00C04F79EFBC}") = "UnityGuiFxSamples", "UnityGuiFxSamples\UnityGuiFxSamples.csproj", "{6FE0DB25-F4B7-C982-355A-33E011A6E778}"
EndProject
Project("{FAE04EC0-301F-11D3-BF4B-00C04F79EFBC}") = "UnityGuiFx.Editor", "ImGuiFx.Editor\UnityGuiFx.Editor.csproj", "{40BF537B-25CB-4CBD-9C02-45AE4C6EC591}"
EndProject
Project("{FAE04EC0-301F-11D3-BF4B-00C04F79EFBC}") = "UnityGuiFx.Core", "ImGuiFx.Core\UnityGuiFx.Core.csproj", "{DA024419-6620-4B45-BCD2-C79AAD27D118}"
EndProject
Project("{FAE04EC0-301F-11D3-BF4B-00C04F79EFBC}") = "UnityGuiFx.ImGui", "UnityGuiFx.ImGui\UnityGuiFx.ImGui.csproj", "{D6624949-1854-4BA0-B059-D617A7FB982F}"
EndProject
Project("{FAE04EC0-301F-11D3-BF4B-00C04F79EFBC}") = "UnityGuiFx.ImGui.Editor", "UnityGuiFx.ImGui.Editor\UnityGuiFx.ImGui.Editor.csproj", "{9408662C-4C30-42D6-B2D4-C497CD97B540}"
EndProject
Project("{FAE04EC0-301F-11D3-BF4B-00C04F79EFBC}") = "UnityGuiFx.ImGui.Game", "UnityGuiFx.ImGui.Game\UnityGuiFx.ImGui.Game.csproj", "{88BCA4CF-6AEE-445D-9CFE-A8A02F9F56C5}"
EndProject
Project("{FAE04EC0-301F-11D3-BF4B-00C04F79EFBC}") = "UnityGuiFx.UnityUi", "UnityGuiFx.UnityUi\UnityGuiFx.UnityUi.csproj", "{C50D6EA0-F091-450E-B74D-EBDF802A33DC}"
EndProject
Global
	GlobalSection(SolutionConfigurationPlatforms) = preSolution
		Debug|Any CPU = Debug|Any CPU
		Release|Any CPU = Release|Any CPU
	EndGlobalSection
	GlobalSection(ProjectConfigurationPlatforms) = postSolution
		{6FE0DB25-F4B7-C982-355A-33E011A6E778}.Debug|Any CPU.ActiveCfg = Debug|Any CPU
		{6FE0DB25-F4B7-C982-355A-33E011A6E778}.Debug|Any CPU.Build.0 = Debug|Any CPU
		{6FE0DB25-F4B7-C982-355A-33E011A6E778}.Release|Any CPU.ActiveCfg = Release|Any CPU
		{6FE0DB25-F4B7-C982-355A-33E011A6E778}.Release|Any CPU.Build.0 = Release|Any CPU
		{40BF537B-25CB-4CBD-9C02-45AE4C6EC591}.Debug|Any CPU.ActiveCfg = Debug|Any CPU
		{40BF537B-25CB-4CBD-9C02-45AE4C6EC591}.Debug|Any CPU.Build.0 = Debug|Any CPU
		{40BF537B-25CB-4CBD-9C02-45AE4C6EC591}.Release|Any CPU.ActiveCfg = Release|Any CPU
		{40BF537B-25CB-4CBD-9C02-45AE4C6EC591}.Release|Any CPU.Build.0 = Release|Any CPU
		{DA024419-6620-4B45-BCD2-C79AAD27D118}.Debug|Any CPU.ActiveCfg = Debug|Any CPU
		{DA024419-6620-4B45-BCD2-C79AAD27D118}.Debug|Any CPU.Build.0 = Debug|Any CPU
		{DA024419-6620-4B45-BCD2-C79AAD27D118}.Release|Any CPU.ActiveCfg = Release|Any CPU
		{DA024419-6620-4B45-BCD2-C79AAD27D118}.Release|Any CPU.Build.0 = Release|Any CPU
		{D6624949-1854-4BA0-B059-D617A7FB982F}.Debug|Any CPU.ActiveCfg = Debug|Any CPU
		{D6624949-1854-4BA0-B059-D617A7FB982F}.Debug|Any CPU.Build.0 = Debug|Any CPU
		{D6624949-1854-4BA0-B059-D617A7FB982F}.Release|Any CPU.ActiveCfg = Release|Any CPU
		{D6624949-1854-4BA0-B059-D617A7FB982F}.Release|Any CPU.Build.0 = Release|Any CPU
		{9408662C-4C30-42D6-B2D4-C497CD97B540}.Debug|Any CPU.ActiveCfg = Debug|Any CPU
		{9408662C-4C30-42D6-B2D4-C497CD97B540}.Debug|Any CPU.Build.0 = Debug|Any CPU
		{9408662C-4C30-42D6-B2D4-C497CD97B540}.Release|Any CPU.ActiveCfg = Release|Any CPU
		{9408662C-4C30-42D6-B2D4-C497CD97B540}.Release|Any CPU.Build.0 = Release|Any CPU
		{88BCA4CF-6AEE-445D-9CFE-A8A02F9F56C5}.Debug|Any CPU.ActiveCfg = Debug|Any CPU
		{88BCA4CF-6AEE-445D-9CFE-A8A02F9F56C5}.Debug|Any CPU.Build.0 = Debug|Any CPU
		{88BCA4CF-6AEE-445D-9CFE-A8A02F9F56C5}.Release|Any CPU.ActiveCfg = Release|Any CPU
		{88BCA4CF-6AEE-445D-9CFE-A8A02F9F56C5}.Release|Any CPU.Build.0 = Release|Any CPU
		{C50D6EA0-F091-450E-B74D-EBDF802A33DC}.Debug|Any CPU.ActiveCfg = Debug|Any CPU
		{C50D6EA0-F091-450E-B74D-EBDF802A33DC}.Debug|Any CPU.Build.0 = Debug|Any CPU
		{C50D6EA0-F091-450E-B74D-EBDF802A33DC}.Release|Any CPU.ActiveCfg = Release|Any CPU
		{C50D6EA0-F091-450E-B74D-EBDF802A33DC}.Release|Any CPU.Build.0 = Release|Any CPU
	EndGlobalSection
	GlobalSection(SolutionProperties) = preSolution
		HideSolutionNode = FALSE
	EndGlobalSection
	GlobalSection(ExtensibilityGlobals) = postSolution
		SolutionGuid = {8DB9B313-4592-4CC7-84C2-7A3F6B9DAEDF}
	EndGlobalSection
EndGlobal
